// !$*UTF8*$!
{
	archiveVersion = 1;
	classes = {
	};
	objectVersion = 77;
	objects = {

/* Begin PBXBuildFile section */
		924108E42E62B3C00094E1D6 /* FirebaseAuth in Frameworks */ = {isa = PBXBuildFile; productRef = 924108E32E62B3C00094E1D6 /* FirebaseAuth */; };
		924108E62E62B3C00094E1D6 /* FirebaseAuthCombine-Community in Frameworks */ = {isa = PBXBuildFile; productRef = 924108E52E62B3C00094E1D6 /* FirebaseAuthCombine-Community */; };
		924108E82E62B3C00094E1D6 /* FirebaseFirestore in Frameworks */ = {isa = PBXBuildFile; productRef = 924108E72E62B3C00094E1D6 /* FirebaseFirestore */; };
		924108EA2E62B3C00094E1D6 /* FirebaseFirestoreCombine-Community in Frameworks */ = {isa = PBXBuildFile; productRef = 924108E92E62B3C00094E1D6 /* FirebaseFirestoreCombine-Community */; };
		924108F02E63E2DA0094E1D6 /* .gitignore in Resources */ = {isa = PBXBuildFile; fileRef = 924108EF2E63E2C40094E1D6 /* .gitignore */; };
/* End PBXBuildFile section */

/* Begin PBXContainerItemProxy section */
		924108C42E62B1B90094E1D6 /* PBXContainerItemProxy */ = {
			isa = PBXContainerItemProxy;
			containerPortal = 924108AE2E62B1B80094E1D6 /* Project object */;
			proxyType = 1;
			remoteGlobalIDString = 924108B52E62B1B80094E1D6;
			remoteInfo = TwiKasa;
		};
		924108CE2E62B1B90094E1D6 /* PBXContainerItemProxy */ = {
			isa = PBXContainerItemProxy;
			containerPortal = 924108AE2E62B1B80094E1D6 /* Project object */;
			proxyType = 1;
			remoteGlobalIDString = 924108B52E62B1B80094E1D6;
			remoteInfo = TwiKasa;
		};
/* End PBXContainerItemProxy section */

/* Begin PBXFileReference section */
		924108B62E62B1B80094E1D6 /* TwiKasa.app */ = {isa = PBXFileReference; explicitFileType = wrapper.application; includeInIndex = 0; path = TwiKasa.app; sourceTree = BUILT_PRODUCTS_DIR; };
		924108C32E62B1B90094E1D6 /* TwiKasaTests.xctest */ = {isa = PBXFileReference; explicitFileType = wrapper.cfbundle; includeInIndex = 0; path = TwiKasaTests.xctest; sourceTree = BUILT_PRODUCTS_DIR; };
		924108CD2E62B1B90094E1D6 /* TwiKasaUITests.xctest */ = {isa = PBXFileReference; explicitFileType = wrapper.cfbundle; includeInIndex = 0; path = TwiKasaUITests.xctest; sourceTree = BUILT_PRODUCTS_DIR; };
		924108EF2E63E2C40094E1D6 /* .gitignore */ = {isa = PBXFileReference; lastKnownFileType = text; path = .gitignore; sourceTree = "<group>"; };
/* End PBXFileReference section */

/* Begin PBXFileSystemSynchronizedBuildFileExceptionSet section */
		92E93F8E2F20B0B800444852 /* Exceptions for "TwiKasaTests" folder in "TwiKasa" target */ = {
			isa = PBXFileSystemSynchronizedBuildFileExceptionSet;
			membershipExceptions = (
				TwiKasaTests.swift,
			);
			target = 924108B52E62B1B80094E1D6 /* TwiKasa */;
		};
		92E93F8F2F20B0B800444852 /* Exceptions for "TwiKasaTests" folder in "TwiKasaTests" target */ = {
			isa = PBXFileSystemSynchronizedBuildFileExceptionSet;
			membershipExceptions = (
				TwiKasaTests.swift,
			);
			target = 924108C22E62B1B90094E1D6 /* TwiKasaTests */;
		};
		92EC4D2D2F19E17100EA3C42 /* Exceptions for "TwiKasa" folder in "TwiKasa" target */ = {
			isa = PBXFileSystemSynchronizedBuildFileExceptionSet;
			membershipExceptions = (
				Info.plist,
			);
			target = 924108B52E62B1B80094E1D6 /* TwiKasa */;
		};
/* End PBXFileSystemSynchronizedBuildFileExceptionSet section */

/* Begin PBXFileSystemSynchronizedRootGroup section */
		924108D02E62B1B90094E1D6 /* TwiKasaUITests */ = {
			isa = PBXFileSystemSynchronizedRootGroup;
			path = TwiKasaUITests;
			sourceTree = "<group>";
		};
		92E93F8C2F20B0B800444852 /* TwiKasaTests */ = {
			isa = PBXFileSystemSynchronizedRootGroup;
			exceptions = (
				92E93F8E2F20B0B800444852 /* Exceptions for "TwiKasaTests" folder in "TwiKasa" target */,
				92E93F8F2F20B0B800444852 /* Exceptions for "TwiKasaTests" folder in "TwiKasaTests" target */,
			);
			path = TwiKasaTests;
			sourceTree = "<group>";
		};
		92EC4D1A2F19E17100EA3C42 /* TwiKasa */ = {
			isa = PBXFileSystemSynchronizedRootGroup;
			exceptions = (
				92EC4D2D2F19E17100EA3C42 /* Exceptions for "TwiKasa" folder in "TwiKasa" target */,
			);
			path = TwiKasa;
			sourceTree = "<group>";
		};
/* End PBXFileSystemSynchronizedRootGroup section */

/* Begin PBXFrameworksBuildPhase section */
		924108B32E62B1B80094E1D6 /* Frameworks */ = {
			isa = PBXFrameworksBuildPhase;
			buildActionMask = 2147483647;
			files = (
				924108E42E62B3C00094E1D6 /* FirebaseAuth in Frameworks */,
				924108EA2E62B3C00094E1D6 /* FirebaseFirestoreCombine-Community in Frameworks */,
				924108E62E62B3C00094E1D6 /* FirebaseAuthCombine-Community in Frameworks */,
				924108E82E62B3C00094E1D6 /* FirebaseFirestore in Frameworks */,
			);
			runOnlyForDeploymentPostprocessing = 0;
		};
		924108C02E62B1B90094E1D6 /* Frameworks */ = {
			isa = PBXFrameworksBuildPhase;
			buildActionMask = 2147483647;
			files = (
			);
			runOnlyForDeploymentPostprocessing = 0;
		};
		924108CA2E62B1B90094E1D6 /* Frameworks */ = {
			isa = PBXFrameworksBuildPhase;
			buildActionMask = 2147483647;
			files = (
			);
			runOnlyForDeploymentPostprocessing = 0;
		};
/* End PBXFrameworksBuildPhase section */

/* Begin PBXGroup section */
		924108AD2E62B1B80094E1D6 = {
			isa = PBXGroup;
			children = (
				924108EF2E63E2C40094E1D6 /* .gitignore */,
				92EC4D1A2F19E17100EA3C42 /* TwiKasa */,
				92E93F8C2F20B0B800444852 /* TwiKasaTests */,
				924108D02E62B1B90094E1D6 /* TwiKasaUITests */,
				924108B72E62B1B80094E1D6 /* Products */,
			);
			sourceTree = "<group>";
		};
		924108B72E62B1B80094E1D6 /* Products */ = {
			isa = PBXGroup;
			children = (
				924108B62E62B1B80094E1D6 /* TwiKasa.app */,
				924108C32E62B1B90094E1D6 /* TwiKasaTests.xctest */,
				924108CD2E62B1B90094E1D6 /* TwiKasaUITests.xctest */,
			);
			name = Products;
			sourceTree = "<group>";
		};
/* End PBXGroup section */

/* Begin PBXNativeTarget section */
		924108B52E62B1B80094E1D6 /* TwiKasa */ = {
			isa = PBXNativeTarget;
			buildConfigurationList = 924108D72E62B1B90094E1D6 /* Build configuration list for PBXNativeTarget "TwiKasa" */;
			buildPhases = (
				924108B22E62B1B80094E1D6 /* Sources */,
				924108B32E62B1B80094E1D6 /* Frameworks */,
				924108B42E62B1B80094E1D6 /* Resources */,
			);
			buildRules = (
			);
			dependencies = (
			);
			fileSystemSynchronizedGroups = (
				92E93F8C2F20B0B800444852 /* TwiKasaTests */,
				92EC4D1A2F19E17100EA3C42 /* TwiKasa */,
			);
			name = TwiKasa;
			packageProductDependencies = (
				924108E32E62B3C00094E1D6 /* FirebaseAuth */,
				924108E52E62B3C00094E1D6 /* FirebaseAuthCombine-Community */,
				924108E72E62B3C00094E1D6 /* FirebaseFirestore */,
				924108E92E62B3C00094E1D6 /* FirebaseFirestoreCombine-Community */,
			);
			productName = TwiKasa;
			productReference = 924108B62E62B1B80094E1D6 /* TwiKasa.app */;
			productType = "com.apple.product-type.application";
		};
		924108C22E62B1B90094E1D6 /* TwiKasaTests */ = {
			isa = PBXNativeTarget;
			buildConfigurationList = 924108DA2E62B1B90094E1D6 /* Build configuration list for PBXNativeTarget "TwiKasaTests" */;
			buildPhases = (
				924108BF2E62B1B90094E1D6 /* Sources */,
				924108C02E62B1B90094E1D6 /* Frameworks */,
				924108C12E62B1B90094E1D6 /* Resources */,
			);
			buildRules = (
			);
			dependencies = (
				924108C52E62B1B90094E1D6 /* PBXTargetDependency */,
			);
			name = TwiKasaTests;
			packageProductDependencies = (
			);
			productName = TwiKasaTests;
			productReference = 924108C32E62B1B90094E1D6 /* TwiKasaTests.xctest */;
			productType = "com.apple.product-type.bundle.unit-test";
		};
		924108CC2E62B1B90094E1D6 /* TwiKasaUITests */ = {
			isa = PBXNativeTarget;
			buildConfigurationList = 924108DD2E62B1B90094E1D6 /* Build configuration list for PBXNativeTarget "TwiKasaUITests" */;
			buildPhases = (
				924108C92E62B1B90094E1D6 /* Sources */,
				924108CA2E62B1B90094E1D6 /* Frameworks */,
				924108CB2E62B1B90094E1D6 /* Resources */,
			);
			buildRules = (
			);
			dependencies = (
				924108CF2E62B1B90094E1D6 /* PBXTargetDependency */,
			);
			fileSystemSynchronizedGroups = (
				924108D02E62B1B90094E1D6 /* TwiKasaUITests */,
			);
			name = TwiKasaUITests;
			packageProductDependencies = (
			);
			productName = TwiKasaUITests;
			productReference = 924108CD2E62B1B90094E1D6 /* TwiKasaUITests.xctest */;
			productType = "com.apple.product-type.bundle.ui-testing";
		};
/* End PBXNativeTarget section */

/* Begin PBXProject section */
		924108AE2E62B1B80094E1D6 /* Project object */ = {
			isa = PBXProject;
			attributes = {
				BuildIndependentTargetsInParallel = 1;
				LastSwiftUpdateCheck = 1640;
				LastUpgradeCheck = 2620;
				TargetAttributes = {
					924108B52E62B1B80094E1D6 = {
						CreatedOnToolsVersion = 16.4;
					};
					924108C22E62B1B90094E1D6 = {
						CreatedOnToolsVersion = 16.4;
						TestTargetID = 924108B52E62B1B80094E1D6;
					};
					924108CC2E62B1B90094E1D6 = {
						CreatedOnToolsVersion = 16.4;
						TestTargetID = 924108B52E62B1B80094E1D6;
					};
				};
			};
			buildConfigurationList = 924108B12E62B1B80094E1D6 /* Build configuration list for PBXProject "TwiKasa" */;
			developmentRegion = en;
			hasScannedForEncodings = 0;
			knownRegions = (
				en,
				Base,
			);
			mainGroup = 924108AD2E62B1B80094E1D6;
			minimizedProjectReferenceProxies = 1;
			packageReferences = (
				924108E22E62B3C00094E1D6 /* XCRemoteSwiftPackageReference "firebase-ios-sdk" */,
			);
			preferredProjectObjectVersion = 77;
			productRefGroup = 924108B72E62B1B80094E1D6 /* Products */;
			projectDirPath = "";
			projectRoot = "";
			targets = (
				924108B52E62B1B80094E1D6 /* TwiKasa */,
				924108C22E62B1B90094E1D6 /* TwiKasaTests */,
				924108CC2E62B1B90094E1D6 /* TwiKasaUITests */,
			);
		};
/* End PBXProject section */

/* Begin PBXResourcesBuildPhase section */
		924108B42E62B1B80094E1D6 /* Resources */ = {
			isa = PBXResourcesBuildPhase;
			buildActionMask = 2147483647;
			files = (
				924108F02E63E2DA0094E1D6 /* .gitignore in Resources */,
			);
			runOnlyForDeploymentPostprocessing = 0;
		};
		924108C12E62B1B90094E1D6 /* Resources */ = {
			isa = PBXResourcesBuildPhase;
			buildActionMask = 2147483647;
			files = (
			);
			runOnlyForDeploymentPostprocessing = 0;
		};
		924108CB2E62B1B90094E1D6 /* Resources */ = {
			isa = PBXResourcesBuildPhase;
			buildActionMask = 2147483647;
			files = (
			);
			runOnlyForDeploymentPostprocessing = 0;
		};
/* End PBXResourcesBuildPhase section */

/* Begin PBXSourcesBuildPhase section */
		924108B22E62B1B80094E1D6 /* Sources */ = {
			isa = PBXSourcesBuildPhase;
			buildActionMask = 2147483647;
			files = (
			);
			runOnlyForDeploymentPostprocessing = 0;
		};
		924108BF2E62B1B90094E1D6 /* Sources */ = {
			isa = PBXSourcesBuildPhase;
			buildActionMask = 2147483647;
			files = (
			);
			runOnlyForDeploymentPostprocessing = 0;
		};
		924108C92E62B1B90094E1D6 /* Sources */ = {
			isa = PBXSourcesBuildPhase;
			buildActionMask = 2147483647;
			files = (
			);
			runOnlyForDeploymentPostprocessing = 0;
		};
/* End PBXSourcesBuildPhase section */

/* Begin PBXTargetDependency section */
		924108C52E62B1B90094E1D6 /* PBXTargetDependency */ = {
			isa = PBXTargetDependency;
			target = 924108B52E62B1B80094E1D6 /* TwiKasa */;
			targetProxy = 924108C42E62B1B90094E1D6 /* PBXContainerItemProxy */;
		};
		924108CF2E62B1B90094E1D6 /* PBXTargetDependency */ = {
			isa = PBXTargetDependency;
			target = 924108B52E62B1B80094E1D6 /* TwiKasa */;
			targetProxy = 924108CE2E62B1B90094E1D6 /* PBXContainerItemProxy */;
		};
/* End PBXTargetDependency section */

/* Begin XCBuildConfiguration section */
		924108D52E62B1B90094E1D6 /* Debug */ = {
			isa = XCBuildConfiguration;
			buildSettings = {
				ALWAYS_SEARCH_USER_PATHS = NO;
				ASSETCATALOG_COMPILER_GENERATE_SWIFT_ASSET_SYMBOL_EXTENSIONS = YES;
				CLANG_ANALYZER_NONNULL = YES;
				CLANG_ANALYZER_NUMBER_OBJECT_CONVERSION = YES_AGGRESSIVE;
				CLANG_CXX_LANGUAGE_STANDARD = "gnu++20";
				CLANG_ENABLE_MODULES = YES;
				CLANG_ENABLE_OBJC_ARC = YES;
				CLANG_ENABLE_OBJC_WEAK = YES;
				CLANG_WARN_BLOCK_CAPTURE_AUTORELEASING = YES;
				CLANG_WARN_BOOL_CONVERSION = YES;
				CLANG_WARN_COMMA = YES;
				CLANG_WARN_CONSTANT_CONVERSION = YES;
				CLANG_WARN_DEPRECATED_OBJC_IMPLEMENTATIONS = YES;
				CLANG_WARN_DIRECT_OBJC_ISA_USAGE = YES_ERROR;
				CLANG_WARN_DOCUMENTATION_COMMENTS = YES;
				CLANG_WARN_EMPTY_BODY = YES;
				CLANG_WARN_ENUM_CONVERSION = YES;
				CLANG_WARN_INFINITE_RECURSION = YES;
				CLANG_WARN_INT_CONVERSION = YES;
				CLANG_WARN_NON_LITERAL_NULL_CONVERSION = YES;
				CLANG_WARN_OBJC_IMPLICIT_RETAIN_SELF = YES;
				CLANG_WARN_OBJC_LITERAL_CONVERSION = YES;
				CLANG_WARN_OBJC_ROOT_CLASS = YES_ERROR;
				CLANG_WARN_QUOTED_INCLUDE_IN_FRAMEWORK_HEADER = YES;
				CLANG_WARN_RANGE_LOOP_ANALYSIS = YES;
				CLANG_WARN_STRICT_PROTOTYPES = YES;
				CLANG_WARN_SUSPICIOUS_MOVE = YES;
				CLANG_WARN_UNGUARDED_AVAILABILITY = YES_AGGRESSIVE;
				CLANG_WARN_UNREACHABLE_CODE = YES;
				CLANG_WARN__DUPLICATE_METHOD_MATCH = YES;
				COPY_PHASE_STRIP = NO;
				DEBUG_INFORMATION_FORMAT = dwarf;
				DEVELOPMENT_TEAM = QB2T369883;
				ENABLE_STRICT_OBJC_MSGSEND = YES;
				ENABLE_TESTABILITY = YES;
				ENABLE_USER_SCRIPT_SANDBOXING = YES;
				GCC_C_LANGUAGE_STANDARD = gnu17;
				GCC_DYNAMIC_NO_PIC = NO;
				GCC_NO_COMMON_BLOCKS = YES;
				GCC_OPTIMIZATION_LEVEL = 0;
				GCC_PREPROCESSOR_DEFINITIONS = (
					"DEBUG=1",
					"$(inherited)",
				);
				GCC_WARN_64_TO_32_BIT_CONVERSION = YES;
				GCC_WARN_ABOUT_RETURN_TYPE = YES_ERROR;
				GCC_WARN_UNDECLARED_SELECTOR = YES;
				GCC_WARN_UNINITIALIZED_AUTOS = YES_AGGRESSIVE;
				GCC_WARN_UNUSED_FUNCTION = YES;
				GCC_WARN_UNUSED_VARIABLE = YES;
				IPHONEOS_DEPLOYMENT_TARGET = 18.5;
				LOCALIZATION_PREFERS_STRING_CATALOGS = YES;
				MTL_ENABLE_DEBUG_INFO = INCLUDE_SOURCE;
				MTL_FAST_MATH = YES;
				ONLY_ACTIVE_ARCH = YES;
				SDKROOT = iphoneos;
				STRING_CATALOG_GENERATE_SYMBOLS = YES;
				SWIFT_ACTIVE_COMPILATION_CONDITIONS = "DEBUG $(inherited)";
				SWIFT_OPTIMIZATION_LEVEL = "-Onone";
			};
			name = Debug;
		};
		924108D62E62B1B90094E1D6 /* Release */ = {
			isa = XCBuildConfiguration;
			buildSettings = {
				ALWAYS_SEARCH_USER_PATHS = NO;
				ASSETCATALOG_COMPILER_GENERATE_SWIFT_ASSET_SYMBOL_EXTENSIONS = YES;
				CLANG_ANALYZER_NONNULL = YES;
				CLANG_ANALYZER_NUMBER_OBJECT_CONVERSION = YES_AGGRESSIVE;
				CLANG_CXX_LANGUAGE_STANDARD = "gnu++20";
				CLANG_ENABLE_MODULES = YES;
				CLANG_ENABLE_OBJC_ARC = YES;
				CLANG_ENABLE_OBJC_WEAK = YES;
				CLANG_WARN_BLOCK_CAPTURE_AUTORELEASING = YES;
				CLANG_WARN_BOOL_CONVERSION = YES;
				CLANG_WARN_COMMA = YES;
				CLANG_WARN_CONSTANT_CONVERSION = YES;
				CLANG_WARN_DEPRECATED_OBJC_IMPLEMENTATIONS = YES;
				CLANG_WARN_DIRECT_OBJC_ISA_USAGE = YES_ERROR;
				CLANG_WARN_DOCUMENTATION_COMMENTS = YES;
				CLANG_WARN_EMPTY_BODY = YES;
				CLANG_WARN_ENUM_CONVERSION = YES;
				CLANG_WARN_INFINITE_RECURSION = YES;
				CLANG_WARN_INT_CONVERSION = YES;
				CLANG_WARN_NON_LITERAL_NULL_CONVERSION = YES;
				CLANG_WARN_OBJC_IMPLICIT_RETAIN_SELF = YES;
				CLANG_WARN_OBJC_LITERAL_CONVERSION = YES;
				CLANG_WARN_OBJC_ROOT_CLASS = YES_ERROR;
				CLANG_WARN_QUOTED_INCLUDE_IN_FRAMEWORK_HEADER = YES;
				CLANG_WARN_RANGE_LOOP_ANALYSIS = YES;
				CLANG_WARN_STRICT_PROTOTYPES = YES;
				CLANG_WARN_SUSPICIOUS_MOVE = YES;
				CLANG_WARN_UNGUARDED_AVAILABILITY = YES_AGGRESSIVE;
				CLANG_WARN_UNREACHABLE_CODE = YES;
				CLANG_WARN__DUPLICATE_METHOD_MATCH = YES;
				COPY_PHASE_STRIP = NO;
				DEBUG_INFORMATION_FORMAT = "dwarf-with-dsym";
				DEVELOPMENT_TEAM = QB2T369883;
				ENABLE_NS_ASSERTIONS = NO;
				ENABLE_STRICT_OBJC_MSGSEND = YES;
				ENABLE_USER_SCRIPT_SANDBOXING = YES;
				GCC_C_LANGUAGE_STANDARD = gnu17;
				GCC_NO_COMMON_BLOCKS = YES;
				GCC_WARN_64_TO_32_BIT_CONVERSION = YES;
				GCC_WARN_ABOUT_RETURN_TYPE = YES_ERROR;
				GCC_WARN_UNDECLARED_SELECTOR = YES;
				GCC_WARN_UNINITIALIZED_AUTOS = YES_AGGRESSIVE;
				GCC_WARN_UNUSED_FUNCTION = YES;
				GCC_WARN_UNUSED_VARIABLE = YES;
				IPHONEOS_DEPLOYMENT_TARGET = 18.5;
				LOCALIZATION_PREFERS_STRING_CATALOGS = YES;
				MTL_ENABLE_DEBUG_INFO = NO;
				MTL_FAST_MATH = YES;
				SDKROOT = iphoneos;
				STRING_CATALOG_GENERATE_SYMBOLS = YES;
				SWIFT_COMPILATION_MODE = wholemodule;
				VALIDATE_PRODUCT = YES;
			};
			name = Release;
		};
		924108D82E62B1B90094E1D6 /* Debug */ = {
			isa = XCBuildConfiguration;
			buildSettings = {
				ASSETCATALOG_COMPILER_APPICON_NAME = AppIcon;
				ASSETCATALOG_COMPILER_GLOBAL_ACCENT_COLOR_NAME = AccentColor;
				CODE_SIGN_STYLE = Automatic;
				CURRENT_PROJECT_VERSION = 1;
				DEVELOPMENT_TEAM = QB2T369883;
				ENABLE_PREVIEWS = YES;
				GENERATE_INFOPLIST_FILE = YES;
				INFOPLIST_FILE = TwiKasa/Info.plist;
				INFOPLIST_KEY_CFBundleDisplayName = "Twi Kasa";
				INFOPLIST_KEY_NSMicrophoneUsageDescription = "To play audio pronunciations of Twi words";
				INFOPLIST_KEY_UIApplicationSceneManifest_Generation = YES;
				INFOPLIST_KEY_UIApplicationSupportsIndirectInputEvents = YES;
				INFOPLIST_KEY_UILaunchScreen_Generation = YES;
				INFOPLIST_KEY_UISupportedInterfaceOrientations_iPad = "UIInterfaceOrientationPortrait UIInterfaceOrientationPortraitUpsideDown UIInterfaceOrientationLandscapeLeft UIInterfaceOrientationLandscapeRight";
				INFOPLIST_KEY_UISupportedInterfaceOrientations_iPhone = "UIInterfaceOrientationPortrait UIInterfaceOrientationLandscapeLeft UIInterfaceOrientationLandscapeRight";
				IPHONEOS_DEPLOYMENT_TARGET = 18.0;
				LD_RUNPATH_SEARCH_PATHS = (
					"$(inherited)",
					"@executable_path/Frameworks",
				);
				MARKETING_VERSION = 1.0;
				PRODUCT_BUNDLE_IDENTIFIER = com.twikasa.TwiKasa;
				PRODUCT_NAME = "$(TARGET_NAME)";
				SWIFT_EMIT_LOC_STRINGS = YES;
				SWIFT_VERSION = 5.0;
				TARGETED_DEVICE_FAMILY = "1,2";
			};
			name = Debug;
		};
		924108D92E62B1B90094E1D6 /* Release */ = {
			isa = XCBuildConfiguration;
			buildSettings = {
				ASSETCATALOG_COMPILER_APPICON_NAME = AppIcon;
				ASSETCATALOG_COMPILER_GLOBAL_ACCENT_COLOR_NAME = AccentColor;
				CODE_SIGN_STYLE = Automatic;
				CURRENT_PROJECT_VERSION = 1;
				DEVELOPMENT_TEAM = QB2T369883;
				ENABLE_PREVIEWS = YES;
				GENERATE_INFOPLIST_FILE = YES;
				INFOPLIST_FILE = TwiKasa/Info.plist;
				INFOPLIST_KEY_CFBundleDisplayName = "Twi Kasa";
				INFOPLIST_KEY_NSMicrophoneUsageDescription = "To play audio pronunciations of Twi words";
				INFOPLIST_KEY_UIApplicationSceneManifest_Generation = YES;
				INFOPLIST_KEY_UIApplicationSupportsIndirectInputEvents = YES;
				INFOPLIST_KEY_UILaunchScreen_Generation = YES;
				INFOPLIST_KEY_UISupportedInterfaceOrientations_iPad = "UIInterfaceOrientationPortrait UIInterfaceOrientationPortraitUpsideDown UIInterfaceOrientationLandscapeLeft UIInterfaceOrientationLandscapeRight";
				INFOPLIST_KEY_UISupportedInterfaceOrientations_iPhone = "UIInterfaceOrientationPortrait UIInterfaceOrientationLandscapeLeft UIInterfaceOrientationLandscapeRight";
				IPHONEOS_DEPLOYMENT_TARGET = 18.0;
				LD_RUNPATH_SEARCH_PATHS = (
					"$(inherited)",
					"@executable_path/Frameworks",
				);
				MARKETING_VERSION = 1.0;
				PRODUCT_BUNDLE_IDENTIFIER = com.twikasa.TwiKasa;
				PRODUCT_NAME = "$(TARGET_NAME)";
				SWIFT_EMIT_LOC_STRINGS = YES;
				SWIFT_VERSION = 5.0;
				TARGETED_DEVICE_FAMILY = "1,2";
			};
			name = Release;
		};
		924108DB2E62B1B90094E1D6 /* Debug */ = {
			isa = XCBuildConfiguration;
			buildSettings = {
				BUNDLE_LOADER = "$(TEST_HOST)";
				CODE_SIGN_STYLE = Automatic;
				CURRENT_PROJECT_VERSION = 1;
				DEVELOPMENT_TEAM = QB2T369883;
				GENERATE_INFOPLIST_FILE = YES;
				IPHONEOS_DEPLOYMENT_TARGET = 18.5;
				MARKETING_VERSION = 1.0;
				PRODUCT_BUNDLE_IDENTIFIER = com.twikasa.TwiKasaTests;
				PRODUCT_NAME = "$(TARGET_NAME)";
				SWIFT_EMIT_LOC_STRINGS = NO;
				SWIFT_VERSION = 5.0;
				TARGETED_DEVICE_FAMILY = "1,2";
				TEST_HOST = "$(BUILT_PRODUCTS_DIR)/TwiKasa.app/$(BUNDLE_EXECUTABLE_FOLDER_PATH)/TwiKasa";
			};
			name = Debug;
		};
		924108DC2E62B1B90094E1D6 /* Release */ = {
			isa = XCBuildConfiguration;
			buildSettings = {
				BUNDLE_LOADER = "$(TEST_HOST)";
				CODE_SIGN_STYLE = Automatic;
				CURRENT_PROJECT_VERSION = 1;
				DEVELOPMENT_TEAM = QB2T369883;
				GENERATE_INFOPLIST_FILE = YES;
				IPHONEOS_DEPLOYMENT_TARGET = 18.5;
				MARKETING_VERSION = 1.0;
				PRODUCT_BUNDLE_IDENTIFIER = com.twikasa.TwiKasaTests;
				PRODUCT_NAME = "$(TARGET_NAME)";
				SWIFT_EMIT_LOC_STRINGS = NO;
				SWIFT_VERSION = 5.0;
				TARGETED_DEVICE_FAMILY = "1,2";
				TEST_HOST = "$(BUILT_PRODUCTS_DIR)/TwiKasa.app/$(BUNDLE_EXECUTABLE_FOLDER_PATH)/TwiKasa";
			};
			name = Release;
		};
		924108DE2E62B1B90094E1D6 /* Debug */ = {
			isa = XCBuildConfiguration;
			buildSettings = {
				CODE_SIGN_STYLE = Automatic;
				CURRENT_PROJECT_VERSION = 1;
				DEVELOPMENT_TEAM = QB2T369883;
				GENERATE_INFOPLIST_FILE = YES;
				MARKETING_VERSION = 1.0;
				PRODUCT_BUNDLE_IDENTIFIER = com.twikasa.TwiKasaUITests;
				PRODUCT_NAME = "$(TARGET_NAME)";
				SWIFT_EMIT_LOC_STRINGS = NO;
				SWIFT_VERSION = 5.0;
				TARGETED_DEVICE_FAMILY = "1,2";
				TEST_TARGET_NAME = TwiKasa;
			};
			name = Debug;
		};
		924108DF2E62B1B90094E1D6 /* Release */ = {
			isa = XCBuildConfiguration;
			buildSettings = {
				CODE_SIGN_STYLE = Automatic;
				CURRENT_PROJECT_VERSION = 1;
				DEVELOPMENT_TEAM = QB2T369883;
				GENERATE_INFOPLIST_FILE = YES;
				MARKETING_VERSION = 1.0;
				PRODUCT_BUNDLE_IDENTIFIER = com.twikasa.TwiKasaUITests;
				PRODUCT_NAME = "$(TARGET_NAME)";
				SWIFT_EMIT_LOC_STRINGS = NO;
				SWIFT_VERSION = 5.0;
				TARGETED_DEVICE_FAMILY = "1,2";
				TEST_TARGET_NAME = TwiKasa;
			};
			name = Release;
		};
/* End XCBuildConfiguration section */

/* Begin XCConfigurationList section */
		924108B12E62B1B80094E1D6 /* Build configuration list for PBXProject "TwiKasa" */ = {
			isa = XCConfigurationList;
			buildConfigurations = (
				924108D52E62B1B90094E1D6 /* Debug */,
				924108D62E62B1B90094E1D6 /* Release */,
			);
			defaultConfigurationIsVisible = 0;
			defaultConfigurationName = Release;
		};
		924108D72E62B1B90094E1D6 /* Build configuration list for PBXNativeTarget "TwiKasa" */ = {
			isa = XCConfigurationList;
			buildConfigurations = (
				924108D82E62B1B90094E1D6 /* Debug */,
				924108D92E62B1B90094E1D6 /* Release */,
			);
			defaultConfigurationIsVisible = 0;
			defaultConfigurationName = Release;
		};
		924108DA2E62B1B90094E1D6 /* Build configuration list for PBXNativeTarget "TwiKasaTests" */ = {
			isa = XCConfigurationList;
			buildConfigurations = (
				924108DB2E62B1B90094E1D6 /* Debug */,
				924108DC2E62B1B90094E1D6 /* Release */,
			);
			defaultConfigurationIsVisible = 0;
			defaultConfigurationName = Release;
		};
		924108DD2E62B1B90094E1D6 /* Build configuration list for PBXNativeTarget "TwiKasaUITests" */ = {
			isa = XCConfigurationList;
			buildConfigurations = (
				924108DE2E62B1B90094E1D6 /* Debug */,
				924108DF2E62B1B90094E1D6 /* Release */,
			);
			defaultConfigurationIsVisible = 0;
			defaultConfigurationName = Release;
		};
/* End XCConfigurationList section */

/* Begin XCRemoteSwiftPackageReference section */
		924108E22E62B3C00094E1D6 /* XCRemoteSwiftPackageReference "firebase-ios-sdk" */ = {
			isa = XCRemoteSwiftPackageReference;
			repositoryURL = "https://github.com/firebase/firebase-ios-sdk";
			requirement = {
				kind = upToNextMajorVersion;
				minimumVersion = 12.2.0;
			};
		};
/* End XCRemoteSwiftPackageReference section */

/* Begin XCSwiftPackageProductDependency section */
		924108E32E62B3C00094E1D6 /* FirebaseAuth */ = {
			isa = XCSwiftPackageProductDependency;
			package = 924108E22E62B3C00094E1D6 /* XCRemoteSwiftPackageReference "firebase-ios-sdk" */;
			productName = FirebaseAuth;
		};
		924108E52E62B3C00094E1D6 /* FirebaseAuthCombine-Community */ = {
			isa = XCSwiftPackageProductDependency;
			package = 924108E22E62B3C00094E1D6 /* XCRemoteSwiftPackageReference "firebase-ios-sdk" */;
			productName = "FirebaseAuthCombine-Community";
		};
		924108E72E62B3C00094E1D6 /* FirebaseFirestore */ = {
			isa = XCSwiftPackageProductDependency;
			package = 924108E22E62B3C00094E1D6 /* XCRemoteSwiftPackageReference "firebase-ios-sdk" */;
			productName = FirebaseFirestore;
		};
		924108E92E62B3C00094E1D6 /* FirebaseFirestoreCombine-Community */ = {
			isa = XCSwiftPackageProductDependency;
			package = 924108E22E62B3C00094E1D6 /* XCRemoteSwiftPackageReference "firebase-ios-sdk" */;
			productName = "FirebaseFirestoreCombine-Community";
		};
/* End XCSwiftPackageProductDependency section */
	};
	rootObject = 924108AE2E62B1B80094E1D6 /* Project object */;
}
